// !$*UTF8*$!
{
	archiveVersion = 1;
	classes = {
	};
	objectVersion = 77;
	objects = {

/* Begin PBXContainerItemProxy section */
		969DE8302CE701B5002BDD1C /* PBXContainerItemProxy */ = {
			isa = PBXContainerItemProxy;
			containerPortal = 969DE8172CE701B2002BDD1C /* Project object */;
			proxyType = 1;
			remoteGlobalIDString = 969DE81E2CE701B2002BDD1C;
			remoteInfo = ShowAnnotationMapSwift;
		};
		969DE83A2CE701B5002BDD1C /* PBXContainerItemProxy */ = {
			isa = PBXContainerItemProxy;
			containerPortal = 969DE8172CE701B2002BDD1C /* Project object */;
			proxyType = 1;
			remoteGlobalIDString = 969DE81E2CE701B2002BDD1C;
			remoteInfo = ShowAnnotationMapSwift;
		};
/* End PBXContainerItemProxy section */

/* Begin PBXFileReference section */
		969DE81F2CE701B2002BDD1C /* ShowAnnotationMapSwift.app */ = {isa = PBXFileReference; explicitFileType = wrapper.application; includeInIndex = 0; path = ShowAnnotationMapSwift.app; sourceTree = BUILT_PRODUCTS_DIR; };
		969DE82F2CE701B5002BDD1C /* ShowAnnotationMapSwiftTests.xctest */ = {isa = PBXFileReference; explicitFileType = wrapper.cfbundle; includeInIndex = 0; path = ShowAnnotationMapSwiftTests.xctest; sourceTree = BUILT_PRODUCTS_DIR; };
		969DE8392CE701B5002BDD1C /* ShowAnnotationMapSwiftUITests.xctest */ = {isa = PBXFileReference; explicitFileType = wrapper.cfbundle; includeInIndex = 0; path = ShowAnnotationMapSwiftUITests.xctest; sourceTree = BUILT_PRODUCTS_DIR; };
/* End PBXFileReference section */

/* Begin PBXFileSystemSynchronizedRootGroup section */
		969DE8212CE701B2002BDD1C /* ShowAnnotationMapSwift */ = {
			isa = PBXFileSystemSynchronizedRootGroup;
			path = ShowAnnotationMapSwift;
			sourceTree = "<group>";
		};
		969DE8322CE701B5002BDD1C /* ShowAnnotationMapSwiftTests */ = {
			isa = PBXFileSystemSynchronizedRootGroup;
			path = ShowAnnotationMapSwiftTests;
			sourceTree = "<group>";
		};
		969DE83C2CE701B5002BDD1C /* ShowAnnotationMapSwiftUITests */ = {
			isa = PBXFileSystemSynchronizedRootGroup;
			path = ShowAnnotationMapSwiftUITests;
			sourceTree = "<group>";
		};
/* End PBXFileSystemSynchronizedRootGroup section */

/* Begin PBXFrameworksBuildPhase section */
		969DE81C2CE701B2002BDD1C /* Frameworks */ = {
			isa = PBXFrameworksBuildPhase;
			buildActionMask = 2147483647;
			files = (
			);
			runOnlyForDeploymentPostprocessing = 0;
		};
		969DE82C2CE701B5002BDD1C /* Frameworks */ = {
			isa = PBXFrameworksBuildPhase;
			buildActionMask = 2147483647;
			files = (
			);
			runOnlyForDeploymentPostprocessing = 0;
		};
		969DE8362CE701B5002BDD1C /* Frameworks */ = {
			isa = PBXFrameworksBuildPhase;
			buildActionMask = 2147483647;
			files = (
			);
			runOnlyForDeploymentPostprocessing = 0;
		};
/* End PBXFrameworksBuildPhase section */

/* Begin PBXGroup section */
		969DE8162CE701B2002BDD1C = {
			isa = PBXGroup;
			children = (
				969DE8212CE701B2002BDD1C /* ShowAnnotationMapSwift */,
				969DE8322CE701B5002BDD1C /* ShowAnnotationMapSwiftTests */,
				969DE83C2CE701B5002BDD1C /* ShowAnnotationMapSwiftUITests */,
				969DE8202CE701B2002BDD1C /* Products */,
			);
			sourceTree = "<group>";
		};
		969DE8202CE701B2002BDD1C /* Products */ = {
			isa = PBXGroup;
			children = (
				969DE81F2CE701B2002BDD1C /* ShowAnnotationMapSwift.app */,
				969DE82F2CE701B5002BDD1C /* ShowAnnotationMapSwiftTests.xctest */,
				969DE8392CE701B5002BDD1C /* ShowAnnotationMapSwiftUITests.xctest */,
			);
			name = Products;
			sourceTree = "<group>";
		};
/* End PBXGroup section */

/* Begin PBXNativeTarget section */
		969DE81E2CE701B2002BDD1C /* ShowAnnotationMapSwift */ = {
			isa = PBXNativeTarget;
			buildConfigurationList = 969DE8432CE701B5002BDD1C /* Build configuration list for PBXNativeTarget "ShowAnnotationMapSwift" */;
			buildPhases = (
				969DE81B2CE701B2002BDD1C /* Sources */,
				969DE81C2CE701B2002BDD1C /* Frameworks */,
				969DE81D2CE701B2002BDD1C /* Resources */,
			);
			buildRules = (
			);
			dependencies = (
			);
			fileSystemSynchronizedGroups = (
				969DE8212CE701B2002BDD1C /* ShowAnnotationMapSwift */,
			);
			name = ShowAnnotationMapSwift;
			packageProductDependencies = (
			);
			productName = ShowAnnotationMapSwift;
			productReference = 969DE81F2CE701B2002BDD1C /* ShowAnnotationMapSwift.app */;
			productType = "com.apple.product-type.application";
		};
		969DE82E2CE701B5002BDD1C /* ShowAnnotationMapSwiftTests */ = {
			isa = PBXNativeTarget;
			buildConfigurationList = 969DE8462CE701B5002BDD1C /* Build configuration list for PBXNativeTarget "ShowAnnotationMapSwiftTests" */;
			buildPhases = (
				969DE82B2CE701B5002BDD1C /* Sources */,
				969DE82C2CE701B5002BDD1C /* Frameworks */,
				969DE82D2CE701B5002BDD1C /* Resources */,
			);
			buildRules = (
			);
			dependencies = (
				969DE8312CE701B5002BDD1C /* PBXTargetDependency */,
			);
			fileSystemSynchronizedGroups = (
				969DE8322CE701B5002BDD1C /* ShowAnnotationMapSwiftTests */,
			);
			name = ShowAnnotationMapSwiftTests;
			packageProductDependencies = (
			);
			productName = ShowAnnotationMapSwiftTests;
			productReference = 969DE82F2CE701B5002BDD1C /* ShowAnnotationMapSwiftTests.xctest */;
			productType = "com.apple.product-type.bundle.unit-test";
		};
		969DE8382CE701B5002BDD1C /* ShowAnnotationMapSwiftUITests */ = {
			isa = PBXNativeTarget;
			buildConfigurationList = 969DE8492CE701B5002BDD1C /* Build configuration list for PBXNativeTarget "ShowAnnotationMapSwiftUITests" */;
			buildPhases = (
				969DE8352CE701B5002BDD1C /* Sources */,
				969DE8362CE701B5002BDD1C /* Frameworks */,
				969DE8372CE701B5002BDD1C /* Resources */,
			);
			buildRules = (
			);
			dependencies = (
				969DE83B2CE701B5002BDD1C /* PBXTargetDependency */,
			);
			fileSystemSynchronizedGroups = (
				969DE83C2CE701B5002BDD1C /* ShowAnnotationMapSwiftUITests */,
			);
			name = ShowAnnotationMapSwiftUITests;
			packageProductDependencies = (
			);
			productName = ShowAnnotationMapSwiftUITests;
			productReference = 969DE8392CE701B5002BDD1C /* ShowAnnotationMapSwiftUITests.xctest */;
			productType = "com.apple.product-type.bundle.ui-testing";
		};
/* End PBXNativeTarget section */

/* Begin PBXProject section */
		969DE8172CE701B2002BDD1C /* Project object */ = {
			isa = PBXProject;
			attributes = {
				BuildIndependentTargetsInParallel = 1;
				LastSwiftUpdateCheck = 1600;
				LastUpgradeCheck = 1600;
				TargetAttributes = {
					969DE81E2CE701B2002BDD1C = {
						CreatedOnToolsVersion = 16.0;
					};
					969DE82E2CE701B5002BDD1C = {
						CreatedOnToolsVersion = 16.0;
						TestTargetID = 969DE81E2CE701B2002BDD1C;
					};
					969DE8382CE701B5002BDD1C = {
						CreatedOnToolsVersion = 16.0;
						TestTargetID = 969DE81E2CE701B2002BDD1C;
					};
				};
			};
			buildConfigurationList = 969DE81A2CE701B2002BDD1C /* Build configuration list for PBXProject "ShowAnnotationMapSwift" */;
			developmentRegion = en;
			hasScannedForEncodings = 0;
			knownRegions = (
				en,
				Base,
			);
			mainGroup = 969DE8162CE701B2002BDD1C;
			minimizedProjectReferenceProxies = 1;
			preferredProjectObjectVersion = 77;
			productRefGroup = 969DE8202CE701B2002BDD1C /* Products */;
			projectDirPath = "";
			projectRoot = "";
			targets = (
				969DE81E2CE701B2002BDD1C /* ShowAnnotationMapSwift */,
				969DE82E2CE701B5002BDD1C /* ShowAnnotationMapSwiftTests */,
				969DE8382CE701B5002BDD1C /* ShowAnnotationMapSwiftUITests */,
			);
		};
/* End PBXProject section */

/* Begin PBXResourcesBuildPhase section */
		969DE81D2CE701B2002BDD1C /* Resources */ = {
			isa = PBXResourcesBuildPhase;
			buildActionMask = 2147483647;
			files = (
			);
			runOnlyForDeploymentPostprocessing = 0;
		};
		969DE82D2CE701B5002BDD1C /* Resources */ = {
			isa = PBXResourcesBuildPhase;
			buildActionMask = 2147483647;
			files = (
			);
			runOnlyForDeploymentPostprocessing = 0;
		};
		969DE8372CE701B5002BDD1C /* Resources */ = {
			isa = PBXResourcesBuildPhase;
			buildActionMask = 2147483647;
			files = (
			);
			runOnlyForDeploymentPostprocessing = 0;
		};
/* End PBXResourcesBuildPhase section */

/* Begin PBXSourcesBuildPhase section */
		969DE81B2CE701B2002BDD1C /* Sources */ = {
			isa = PBXSourcesBuildPhase;
			buildActionMask = 2147483647;
			files = (
			);
			runOnlyForDeploymentPostprocessing = 0;
		};
		969DE82B2CE701B5002BDD1C /* Sources */ = {
			isa = PBXSourcesBuildPhase;
			buildActionMask = 2147483647;
			files = (
			);
			runOnlyForDeploymentPostprocessing = 0;
		};
		969DE8352CE701B5002BDD1C /* Sources */ = {
			isa = PBXSourcesBuildPhase;
			buildActionMask = 2147483647;
			files = (
			);
			runOnlyForDeploymentPostprocessing = 0;
		};
/* End PBXSourcesBuildPhase section */

/* Begin PBXTargetDependency section */
		969DE8312CE701B5002BDD1C /* PBXTargetDependency */ = {
			isa = PBXTargetDependency;
			target = 969DE81E2CE701B2002BDD1C /* ShowAnnotationMapSwift */;
			targetProxy = 969DE8302CE701B5002BDD1C /* PBXContainerItemProxy */;
		};
		969DE83B2CE701B5002BDD1C /* PBXTargetDependency */ = {
			isa = PBXTargetDependency;
			target = 969DE81E2CE701B2002BDD1C /* ShowAnnotationMapSwift */;
			targetProxy = 969DE83A2CE701B5002BDD1C /* PBXContainerItemProxy */;
		};
/* End PBXTargetDependency section */

/* Begin XCBuildConfiguration section */
		969DE8412CE701B5002BDD1C /* Debug */ = {
			isa = XCBuildConfiguration;
			buildSettings = {
				ALWAYS_SEARCH_USER_PATHS = NO;
				ASSETCATALOG_COMPILER_GENERATE_SWIFT_ASSET_SYMBOL_EXTENSIONS = YES;
				CLANG_ANALYZER_NONNULL = YES;
				CLANG_ANALYZER_NUMBER_OBJECT_CONVERSION = YES_AGGRESSIVE;
				CLANG_CXX_LANGUAGE_STANDARD = "gnu++20";
				CLANG_ENABLE_MODULES = YES;
				CLANG_ENABLE_OBJC_ARC = YES;
				CLANG_ENABLE_OBJC_WEAK = YES;
				CLANG_WARN_BLOCK_CAPTURE_AUTORELEASING = YES;
				CLANG_WARN_BOOL_CONVERSION = YES;
				CLANG_WARN_COMMA = YES;
				CLANG_WARN_CONSTANT_CONVERSION = YES;
				CLANG_WARN_DEPRECATED_OBJC_IMPLEMENTATIONS = YES;
				CLANG_WARN_DIRECT_OBJC_ISA_USAGE = YES_ERROR;
				CLANG_WARN_DOCUMENTATION_COMMENTS = YES;
				CLANG_WARN_EMPTY_BODY = YES;
				CLANG_WARN_ENUM_CONVERSION = YES;
				CLANG_WARN_INFINITE_RECURSION = YES;
				CLANG_WARN_INT_CONVERSION = YES;
				CLANG_WARN_NON_LITERAL_NULL_CONVERSION = YES;
				CLANG_WARN_OBJC_IMPLICIT_RETAIN_SELF = YES;
				CLANG_WARN_OBJC_LITERAL_CONVERSION = YES;
				CLANG_WARN_OBJC_ROOT_CLASS = YES_ERROR;
				CLANG_WARN_QUOTED_INCLUDE_IN_FRAMEWORK_HEADER = YES;
				CLANG_WARN_RANGE_LOOP_ANALYSIS = YES;
				CLANG_WARN_STRICT_PROTOTYPES = YES;
				CLANG_WARN_SUSPICIOUS_MOVE = YES;
				CLANG_WARN_UNGUARDED_AVAILABILITY = YES_AGGRESSIVE;
				CLANG_WARN_UNREACHABLE_CODE = YES;
				CLANG_WARN__DUPLICATE_METHOD_MATCH = YES;
				COPY_PHASE_STRIP = NO;
				DEBUG_INFORMATION_FORMAT = dwarf;
				ENABLE_STRICT_OBJC_MSGSEND = YES;
				ENABLE_TESTABILITY = YES;
				ENABLE_USER_SCRIPT_SANDBOXING = YES;
				GCC_C_LANGUAGE_STANDARD = gnu17;
				GCC_DYNAMIC_NO_PIC = NO;
				GCC_NO_COMMON_BLOCKS = YES;
				GCC_OPTIMIZATION_LEVEL = 0;
				GCC_PREPROCESSOR_DEFINITIONS = (
					"DEBUG=1",
					"$(inherited)",
				);
				GCC_WARN_64_TO_32_BIT_CONVERSION = YES;
				GCC_WARN_ABOUT_RETURN_TYPE = YES_ERROR;
				GCC_WARN_UNDECLARED_SELECTOR = YES;
				GCC_WARN_UNINITIALIZED_AUTOS = YES_AGGRESSIVE;
				GCC_WARN_UNUSED_FUNCTION = YES;
				GCC_WARN_UNUSED_VARIABLE = YES;
				IPHONEOS_DEPLOYMENT_TARGET = 18.0;
				LOCALIZATION_PREFERS_STRING_CATALOGS = YES;
				MTL_ENABLE_DEBUG_INFO = INCLUDE_SOURCE;
				MTL_FAST_MATH = YES;
				ONLY_ACTIVE_ARCH = YES;
				SDKROOT = iphoneos;
				SWIFT_ACTIVE_COMPILATION_CONDITIONS = "DEBUG $(inherited)";
				SWIFT_OPTIMIZATION_LEVEL = "-Onone";
			};
			name = Debug;
		};
		969DE8422CE701B5002BDD1C /* Release */ = {
			isa = XCBuildConfiguration;
			buildSettings = {
				ALWAYS_SEARCH_USER_PATHS = NO;
				ASSETCATALOG_COMPILER_GENERATE_SWIFT_ASSET_SYMBOL_EXTENSIONS = YES;
				CLANG_ANALYZER_NONNULL = YES;
				CLANG_ANALYZER_NUMBER_OBJECT_CONVERSION = YES_AGGRESSIVE;
				CLANG_CXX_LANGUAGE_STANDARD = "gnu++20";
				CLANG_ENABLE_MODULES = YES;
				CLANG_ENABLE_OBJC_ARC = YES;
				CLANG_ENABLE_OBJC_WEAK = YES;
				CLANG_WARN_BLOCK_CAPTURE_AUTORELEASING = YES;
				CLANG_WARN_BOOL_CONVERSION = YES;
				CLANG_WARN_COMMA = YES;
				CLANG_WARN_CONSTANT_CONVERSION = YES;
				CLANG_WARN_DEPRECATED_OBJC_IMPLEMENTATIONS = YES;
				CLANG_WARN_DIRECT_OBJC_ISA_USAGE = YES_ERROR;
				CLANG_WARN_DOCUMENTATION_COMMENTS = YES;
				CLANG_WARN_EMPTY_BODY = YES;
				CLANG_WARN_ENUM_CONVERSION = YES;
				CLANG_WARN_INFINITE_RECURSION = YES;
				CLANG_WARN_INT_CONVERSION = YES;
				CLANG_WARN_NON_LITERAL_NULL_CONVERSION = YES;
				CLANG_WARN_OBJC_IMPLICIT_RETAIN_SELF = YES;
				CLANG_WARN_OBJC_LITERAL_CONVERSION = YES;
				CLANG_WARN_OBJC_ROOT_CLASS = YES_ERROR;
				CLANG_WARN_QUOTED_INCLUDE_IN_FRAMEWORK_HEADER = YES;
				CLANG_WARN_RANGE_LOOP_ANALYSIS = YES;
				CLANG_WARN_STRICT_PROTOTYPES = YES;
				CLANG_WARN_SUSPICIOUS_MOVE = YES;
				CLANG_WARN_UNGUARDED_AVAILABILITY = YES_AGGRESSIVE;
				CLANG_WARN_UNREACHABLE_CODE = YES;
				CLANG_WARN__DUPLICATE_METHOD_MATCH = YES;
				COPY_PHASE_STRIP = NO;
				DEBUG_INFORMATION_FORMAT = "dwarf-with-dsym";
				ENABLE_NS_ASSERTIONS = NO;
				ENABLE_STRICT_OBJC_MSGSEND = YES;
				ENABLE_USER_SCRIPT_SANDBOXING = YES;
				GCC_C_LANGUAGE_STANDARD = gnu17;
				GCC_NO_COMMON_BLOCKS = YES;
				GCC_WARN_64_TO_32_BIT_CONVERSION = YES;
				GCC_WARN_ABOUT_RETURN_TYPE = YES_ERROR;
				GCC_WARN_UNDECLARED_SELECTOR = YES;
				GCC_WARN_UNINITIALIZED_AUTOS = YES_AGGRESSIVE;
				GCC_WARN_UNUSED_FUNCTION = YES;
				GCC_WARN_UNUSED_VARIABLE = YES;
				IPHONEOS_DEPLOYMENT_TARGET = 18.0;
				LOCALIZATION_PREFERS_STRING_CATALOGS = YES;
				MTL_ENABLE_DEBUG_INFO = NO;
				MTL_FAST_MATH = YES;
				SDKROOT = iphoneos;
				SWIFT_COMPILATION_MODE = wholemodule;
				VALIDATE_PRODUCT = YES;
			};
			name = Release;
		};
		969DE8442CE701B5002BDD1C /* Debug */ = {
			isa = XCBuildConfiguration;
			buildSettings = {
				ASSETCATALOG_COMPILER_APPICON_NAME = AppIcon;
				ASSETCATALOG_COMPILER_GLOBAL_ACCENT_COLOR_NAME = AccentColor;
				CODE_SIGN_STYLE = Automatic;
				CURRENT_PROJECT_VERSION = 1;
				DEVELOPMENT_ASSET_PATHS = "\"ShowAnnotationMapSwift/Preview Content\"";
				ENABLE_PREVIEWS = YES;
				GENERATE_INFOPLIST_FILE = YES;
				INFOPLIST_KEY_NSLocationWhenInUseUsageDescription = "";
				INFOPLIST_KEY_UIApplicationSceneManifest_Generation = YES;
				INFOPLIST_KEY_UIApplicationSupportsIndirectInputEvents = YES;
				INFOPLIST_KEY_UILaunchScreen_Generation = YES;
				INFOPLIST_KEY_UISupportedInterfaceOrientations_iPad = "UIInterfaceOrientationPortrait UIInterfaceOrientationPortraitUpsideDown UIInterfaceOrientationLandscapeLeft UIInterfaceOrientationLandscapeRight";
				INFOPLIST_KEY_UISupportedInterfaceOrientations_iPhone = "UIInterfaceOrientationPortrait UIInterfaceOrientationLandscapeLeft UIInterfaceOrientationLandscapeRight";
				LD_RUNPATH_SEARCH_PATHS = (
					"$(inherited)",
					"@executable_path/Frameworks",
				);
				MARKETING_VERSION = 1.0;
				PRODUCT_BUNDLE_IDENTIFIER = cusat.ShowAnnotationMapSwift;
				PRODUCT_NAME = "$(TARGET_NAME)";
				SWIFT_EMIT_LOC_STRINGS = YES;
				SWIFT_VERSION = 5.0;
				TARGETED_DEVICE_FAMILY = "1,2";
			};
			name = Debug;
		};
		969DE8452CE701B5002BDD1C /* Release */ = {
			isa = XCBuildConfiguration;
			buildSettings = {
				ASSETCATALOG_COMPILER_APPICON_NAME = AppIcon;
				ASSETCATALOG_COMPILER_GLOBAL_ACCENT_COLOR_NAME = AccentColor;
				CODE_SIGN_STYLE = Automatic;
				CURRENT_PROJECT_VERSION = 1;
				DEVELOPMENT_ASSET_PATHS = "\"ShowAnnotationMapSwift/Preview Content\"";
				ENABLE_PREVIEWS = YES;
				GENERATE_INFOPLIST_FILE = YES;
				INFOPLIST_KEY_NSLocationWhenInUseUsageDescription = "";
				INFOPLIST_KEY_UIApplicationSceneManifest_Generation = YES;
				INFOPLIST_KEY_UIApplicationSupportsIndirectInputEvents = YES;
				INFOPLIST_KEY_UILaunchScreen_Generation = YES;
				INFOPLIST_KEY_UISupportedInterfaceOrientations_iPad = "UIInterfaceOrientationPortrait UIInterfaceOrientationPortraitUpsideDown UIInterfaceOrientationLandscapeLeft UIInterfaceOrientationLandscapeRight";
				INFOPLIST_KEY_UISupportedInterfaceOrientations_iPhone = "UIInterfaceOrientationPortrait UIInterfaceOrientationLandscapeLeft UIInterfaceOrientationLandscapeRight";
				LD_RUNPATH_SEARCH_PATHS = (
					"$(inherited)",
					"@executable_path/Frameworks",
				);
				MARKETING_VERSION = 1.0;
				PRODUCT_BUNDLE_IDENTIFIER = cusat.ShowAnnotationMapSwift;
				PRODUCT_NAME = "$(TARGET_NAME)";
				SWIFT_EMIT_LOC_STRINGS = YES;
				SWIFT_VERSION = 5.0;
				TARGETED_DEVICE_FAMILY = "1,2";
			};
			name = Release;
		};
		969DE8472CE701B5002BDD1C /* Debug */ = {
			isa = XCBuildConfiguration;
			buildSettings = {
				BUNDLE_LOADER = "$(TEST_HOST)";
				CODE_SIGN_STYLE = Automatic;
				CURRENT_PROJECT_VERSION = 1;
				GENERATE_INFOPLIST_FILE = YES;
				IPHONEOS_DEPLOYMENT_TARGET = 18.0;
				MARKETING_VERSION = 1.0;
				PRODUCT_BUNDLE_IDENTIFIER = cusat.ShowAnnotationMapSwiftTests;
				PRODUCT_NAME = "$(TARGET_NAME)";
				SWIFT_EMIT_LOC_STRINGS = NO;
				SWIFT_VERSION = 5.0;
				TARGETED_DEVICE_FAMILY = "1,2";
				TEST_HOST = "$(BUILT_PRODUCTS_DIR)/ShowAnnotationMapSwift.app/$(BUNDLE_EXECUTABLE_FOLDER_PATH)/ShowAnnotationMapSwift";
			};
			name = Debug;
		};
		969DE8482CE701B5002BDD1C /* Release */ = {
			isa = XCBuildConfiguration;
			buildSettings = {
				BUNDLE_LOADER = "$(TEST_HOST)";
				CODE_SIGN_STYLE = Automatic;
				CURRENT_PROJECT_VERSION = 1;
				GENERATE_INFOPLIST_FILE = YES;
				IPHONEOS_DEPLOYMENT_TARGET = 18.0;
				MARKETING_VERSION = 1.0;
				PRODUCT_BUNDLE_IDENTIFIER = cusat.ShowAnnotationMapSwiftTests;
				PRODUCT_NAME = "$(TARGET_NAME)";
				SWIFT_EMIT_LOC_STRINGS = NO;
				SWIFT_VERSION = 5.0;
				TARGETED_DEVICE_FAMILY = "1,2";
				TEST_HOST = "$(BUILT_PRODUCTS_DIR)/ShowAnnotationMapSwift.app/$(BUNDLE_EXECUTABLE_FOLDER_PATH)/ShowAnnotationMapSwift";
			};
			name = Release;
		};
		969DE84A2CE701B5002BDD1C /* Debug */ = {
			isa = XCBuildConfiguration;
			buildSettings = {
				CODE_SIGN_STYLE = Automatic;
				CURRENT_PROJECT_VERSION = 1;
				GENERATE_INFOPLIST_FILE = YES;
				MARKETING_VERSION = 1.0;
				PRODUCT_BUNDLE_IDENTIFIER = cusat.ShowAnnotationMapSwiftUITests;
				PRODUCT_NAME = "$(TARGET_NAME)";
				SWIFT_EMIT_LOC_STRINGS = NO;
				SWIFT_VERSION = 5.0;
				TARGETED_DEVICE_FAMILY = "1,2";
				TEST_TARGET_NAME = ShowAnnotationMapSwift;
			};
			name = Debug;
		};
		969DE84B2CE701B5002BDD1C /* Release */ = {
			isa = XCBuildConfiguration;
			buildSettings = {
				CODE_SIGN_STYLE = Automatic;
				CURRENT_PROJECT_VERSION = 1;
				GENERATE_INFOPLIST_FILE = YES;
				MARKETING_VERSION = 1.0;
				PRODUCT_BUNDLE_IDENTIFIER = cusat.ShowAnnotationMapSwiftUITests;
				PRODUCT_NAME = "$(TARGET_NAME)";
				SWIFT_EMIT_LOC_STRINGS = NO;
				SWIFT_VERSION = 5.0;
				TARGETED_DEVICE_FAMILY = "1,2";
				TEST_TARGET_NAME = ShowAnnotationMapSwift;
			};
			name = Release;
		};
/* End XCBuildConfiguration section */

/* Begin XCConfigurationList section */
		969DE81A2CE701B2002BDD1C /* Build configuration list for PBXProject "ShowAnnotationMapSwift" */ = {
			isa = XCConfigurationList;
			buildConfigurations = (
				969DE8412CE701B5002BDD1C /* Debug */,
				969DE8422CE701B5002BDD1C /* Release */,
			);
			defaultConfigurationIsVisible = 0;
			defaultConfigurationName = Release;
		};
		969DE8432CE701B5002BDD1C /* Build configuration list for PBXNativeTarget "ShowAnnotationMapSwift" */ = {
			isa = XCConfigurationList;
			buildConfigurations = (
				969DE8442CE701B5002BDD1C /* Debug */,
				969DE8452CE701B5002BDD1C /* Release */,
			);
			defaultConfigurationIsVisible = 0;
			defaultConfigurationName = Release;
		};
		969DE8462CE701B5002BDD1C /* Build configuration list for PBXNativeTarget "ShowAnnotationMapSwiftTests" */ = {
			isa = XCConfigurationList;
			buildConfigurations = (
				969DE8472CE701B5002BDD1C /* Debug */,
				969DE8482CE701B5002BDD1C /* Release */,
			);
			defaultConfigurationIsVisible = 0;
			defaultConfigurationName = Release;
		};
		969DE8492CE701B5002BDD1C /* Build configuration list for PBXNativeTarget "ShowAnnotationMapSwiftUITests" */ = {
			isa = XCConfigurationList;
			buildConfigurations = (
				969DE84A2CE701B5002BDD1C /* Debug */,
				969DE84B2CE701B5002BDD1C /* Release */,
			);
			defaultConfigurationIsVisible = 0;
			defaultConfigurationName = Release;
		};
/* End XCConfigurationList section */
	};
	rootObject = 969DE8172CE701B2002BDD1C /* Project object */;
}
